
Microsoft Visual Studio Solution File, Format Version 12.00
# Visual Studio Version 17
VisualStudioVersion = 17.7.34003.232
MinimumVisualStudioVersion = 10.0.40219.1
Project("{9A19103F-16F7-4668-BE54-9A1E7A4F7556}") = "Site", "Site\Site.csproj", "{9ED3D86F-FC5C-4B80-A4F8-8F9B16E6E969}"
EndProject
Project("{2150E333-8FDC-42A3-9474-1A3956D46DE8}") = "1 Entities", "1 Entities", "{FD7EF2AD-F209-4F97-BC2C-EFA424B0D0C2}"
EndProject
Project("{2150E333-8FDC-42A3-9474-1A3956D46DE8}") = "3 Application", "3 Application", "{8E0D4D7E-6FF7-4A68-8ED3-0966632259FC}"
EndProject
Project("{2150E333-8FDC-42A3-9474-1A3956D46DE8}") = "4 Use Cases", "4 Use Cases", "{78EA9BE8-CEF5-4C58-9684-65FDCF244DE0}"
EndProject
Project("{9A19103F-16F7-4668-BE54-9A1E7A4F7556}") = "DomainServices.Implementation", "DomainServices.Implementation\DomainServices.Implementation.csproj", "{6A542C96-F55A-407F-BFFC-8E1D54E25CCE}"
EndProject
Project("{9A19103F-16F7-4668-BE54-9A1E7A4F7556}") = "DomainServices.Interfaces", "DomainServices.Interfaces\DomainServices.Interfaces.csproj", "{8E8A7C67-3951-49C5-866D-54A3A401556C}"
EndProject
Project("{9A19103F-16F7-4668-BE54-9A1E7A4F7556}") = "Entities", "Entities\Entities.csproj", "{9C75D642-CF1F-4B5B-A710-5EC190EBCDF0}"
EndProject
Project("{9A19103F-16F7-4668-BE54-9A1E7A4F7556}") = "ApplicationServices.Implementation", "ApplicationServices.Implementation\ApplicationServices.Implementation.csproj", "{58021509-0650-460A-BC98-6FB676F75CCA}"
EndProject
Project("{9A19103F-16F7-4668-BE54-9A1E7A4F7556}") = "ApplicationServices.Interfaces", "ApplicationServices.Interfaces\ApplicationServices.Interfaces.csproj", "{A921C089-DBC8-4319-B2D0-5F715B030417}"
EndProject
Project("{9A19103F-16F7-4668-BE54-9A1E7A4F7556}") = "UseCases", "UseCases\UseCases.csproj", "{07223A34-23FA-4F77-B6A9-DA68741213CB}"
EndProject
Project("{2150E333-8FDC-42A3-9474-1A3956D46DE8}") = "0 Shared", "0 Shared", "{7E83955F-DA28-4D94-B3C9-3FD901E586D4}"
EndProject
Project("{9A19103F-16F7-4668-BE54-9A1E7A4F7556}") = "Core", "Shared\Core\Core.csproj", "{1BC5E162-2138-4E26-BBBC-B0AB9DE11A7B}"
EndProject
Project("{9A19103F-16F7-4668-BE54-9A1E7A4F7556}") = "Site", "Shared\Site\Site.csproj", "{0E7B0631-4615-42E7-9978-A3C60673384D}"
EndProject
Project("{9A19103F-16F7-4668-BE54-9A1E7A4F7556}") = "Clients", "Shared\Clients\Clients.csproj", "{CBBFAB52-0F5A-4922-BE58-BA155D5CD790}"
EndProject
Project("{9A19103F-16F7-4668-BE54-9A1E7A4F7556}") = "Clients.ProviderOne", "Shared\Clients.ProviderOne\Clients.ProviderOne.csproj", "{4F936FA9-28AC-4B0B-B488-2DC9A2254695}"
EndProject
Project("{9A19103F-16F7-4668-BE54-9A1E7A4F7556}") = "Services", "Shared\Services\Services\Services.csproj", "{17BA8D96-34F2-4864-8C62-B41B92792C01}"
EndProject
Project("{9A19103F-16F7-4668-BE54-9A1E7A4F7556}") = "Clients.Aggregator", "Shared\Clients.Aggregator\Clients.Aggregator.csproj", "{255DEACC-755A-4F62-AD3F-440AF91C90AA}"
EndProject
Project("{2150E333-8FDC-42A3-9474-1A3956D46DE8}") = "5 Infrustructure.Implementation", "5 Infrustructure.Implementation", "{5DC54563-7B89-4CA8-935A-D7AE68698C70}"
EndProject
Project("{2150E333-8FDC-42A3-9474-1A3956D46DE8}") = "2 Infrastructure.Interfaces", "2 Infrastructure.Interfaces", "{531D30D0-C465-4DE8-BC6B-13418C6ECF30}"
EndProject
Project("{9A19103F-16F7-4668-BE54-9A1E7A4F7556}") = "Caching.InMemory", "Caching.InMemory\Caching.InMemory.csproj", "{4B7E7BB5-10F6-4647-8656-8249A05395F2}"
EndProject
Project("{9A19103F-16F7-4668-BE54-9A1E7A4F7556}") = "Caching.Interfaces", "Caching.Interfaces\Caching.Interfaces.csproj", "{A1DDD3D5-6ED5-4DB3-8C0C-3E8B5F827FE1}"
EndProject
Project("{9A19103F-16F7-4668-BE54-9A1E7A4F7556}") = "Clients.ProviderTwo", "Shared\Clients.ProviderTwo\Clients.ProviderTwo.csproj", "{B3FD7295-C1E9-4357-A902-2588FE73BA13}"
EndProject
Global
	GlobalSection(SolutionConfigurationPlatforms) = preSolution
		Debug|Any CPU = Debug|Any CPU
		Release|Any CPU = Release|Any CPU
	EndGlobalSection
	GlobalSection(ProjectConfigurationPlatforms) = postSolution
		{9ED3D86F-FC5C-4B80-A4F8-8F9B16E6E969}.Debug|Any CPU.ActiveCfg = Debug|Any CPU
		{9ED3D86F-FC5C-4B80-A4F8-8F9B16E6E969}.Debug|Any CPU.Build.0 = Debug|Any CPU
		{9ED3D86F-FC5C-4B80-A4F8-8F9B16E6E969}.Release|Any CPU.ActiveCfg = Release|Any CPU
		{9ED3D86F-FC5C-4B80-A4F8-8F9B16E6E969}.Release|Any CPU.Build.0 = Release|Any CPU
		{6A542C96-F55A-407F-BFFC-8E1D54E25CCE}.Debug|Any CPU.ActiveCfg = Debug|Any CPU
		{6A542C96-F55A-407F-BFFC-8E1D54E25CCE}.Debug|Any CPU.Build.0 = Debug|Any CPU
		{6A542C96-F55A-407F-BFFC-8E1D54E25CCE}.Release|Any CPU.ActiveCfg = Release|Any CPU
		{6A542C96-F55A-407F-BFFC-8E1D54E25CCE}.Release|Any CPU.Build.0 = Release|Any CPU
		{8E8A7C67-3951-49C5-866D-54A3A401556C}.Debug|Any CPU.ActiveCfg = Debug|Any CPU
		{8E8A7C67-3951-49C5-866D-54A3A401556C}.Debug|Any CPU.Build.0 = Debug|Any CPU
		{8E8A7C67-3951-49C5-866D-54A3A401556C}.Release|Any CPU.ActiveCfg = Release|Any CPU
		{8E8A7C67-3951-49C5-866D-54A3A401556C}.Release|Any CPU.Build.0 = Release|Any CPU
		{9C75D642-CF1F-4B5B-A710-5EC190EBCDF0}.Debug|Any CPU.ActiveCfg = Debug|Any CPU
		{9C75D642-CF1F-4B5B-A710-5EC190EBCDF0}.Debug|Any CPU.Build.0 = Debug|Any CPU
		{9C75D642-CF1F-4B5B-A710-5EC190EBCDF0}.Release|Any CPU.ActiveCfg = Release|Any CPU
		{9C75D642-CF1F-4B5B-A710-5EC190EBCDF0}.Release|Any CPU.Build.0 = Release|Any CPU
		{58021509-0650-460A-BC98-6FB676F75CCA}.Debug|Any CPU.ActiveCfg = Debug|Any CPU
		{58021509-0650-460A-BC98-6FB676F75CCA}.Debug|Any CPU.Build.0 = Debug|Any CPU
		{58021509-0650-460A-BC98-6FB676F75CCA}.Release|Any CPU.ActiveCfg = Release|Any CPU
		{58021509-0650-460A-BC98-6FB676F75CCA}.Release|Any CPU.Build.0 = Release|Any CPU
		{A921C089-DBC8-4319-B2D0-5F715B030417}.Debug|Any CPU.ActiveCfg = Debug|Any CPU
		{A921C089-DBC8-4319-B2D0-5F715B030417}.Debug|Any CPU.Build.0 = Debug|Any CPU
		{A921C089-DBC8-4319-B2D0-5F715B030417}.Release|Any CPU.ActiveCfg = Release|Any CPU
		{A921C089-DBC8-4319-B2D0-5F715B030417}.Release|Any CPU.Build.0 = Release|Any CPU
		{07223A34-23FA-4F77-B6A9-DA68741213CB}.Debug|Any CPU.ActiveCfg = Debug|Any CPU
		{07223A34-23FA-4F77-B6A9-DA68741213CB}.Debug|Any CPU.Build.0 = Debug|Any CPU
		{07223A34-23FA-4F77-B6A9-DA68741213CB}.Release|Any CPU.ActiveCfg = Release|Any CPU
		{07223A34-23FA-4F77-B6A9-DA68741213CB}.Release|Any CPU.Build.0 = Release|Any CPU
		{1BC5E162-2138-4E26-BBBC-B0AB9DE11A7B}.Debug|Any CPU.ActiveCfg = Debug|Any CPU
		{1BC5E162-2138-4E26-BBBC-B0AB9DE11A7B}.Debug|Any CPU.Build.0 = Debug|Any CPU
		{1BC5E162-2138-4E26-BBBC-B0AB9DE11A7B}.Release|Any CPU.ActiveCfg = Release|Any CPU
		{1BC5E162-2138-4E26-BBBC-B0AB9DE11A7B}.Release|Any CPU.Build.0 = Release|Any CPU
		{0E7B0631-4615-42E7-9978-A3C60673384D}.Debug|Any CPU.ActiveCfg = Debug|Any CPU
		{0E7B0631-4615-42E7-9978-A3C60673384D}.Debug|Any CPU.Build.0 = Debug|Any CPU
		{0E7B0631-4615-42E7-9978-A3C60673384D}.Release|Any CPU.ActiveCfg = Release|Any CPU
		{0E7B0631-4615-42E7-9978-A3C60673384D}.Release|Any CPU.Build.0 = Release|Any CPU
		{CBBFAB52-0F5A-4922-BE58-BA155D5CD790}.Debug|Any CPU.ActiveCfg = Debug|Any CPU
		{CBBFAB52-0F5A-4922-BE58-BA155D5CD790}.Debug|Any CPU.Build.0 = Debug|Any CPU
		{CBBFAB52-0F5A-4922-BE58-BA155D5CD790}.Release|Any CPU.ActiveCfg = Release|Any CPU
		{CBBFAB52-0F5A-4922-BE58-BA155D5CD790}.Release|Any CPU.Build.0 = Release|Any CPU
		{4F936FA9-28AC-4B0B-B488-2DC9A2254695}.Debug|Any CPU.ActiveCfg = Debug|Any CPU
		{4F936FA9-28AC-4B0B-B488-2DC9A2254695}.Debug|Any CPU.Build.0 = Debug|Any CPU
		{4F936FA9-28AC-4B0B-B488-2DC9A2254695}.Release|Any CPU.ActiveCfg = Release|Any CPU
		{4F936FA9-28AC-4B0B-B488-2DC9A2254695}.Release|Any CPU.Build.0 = Release|Any CPU
		{17BA8D96-34F2-4864-8C62-B41B92792C01}.Debug|Any CPU.ActiveCfg = Debug|Any CPU
		{17BA8D96-34F2-4864-8C62-B41B92792C01}.Debug|Any CPU.Build.0 = Debug|Any CPU
		{17BA8D96-34F2-4864-8C62-B41B92792C01}.Release|Any CPU.ActiveCfg = Release|Any CPU
		{17BA8D96-34F2-4864-8C62-B41B92792C01}.Release|Any CPU.Build.0 = Release|Any CPU
		{255DEACC-755A-4F62-AD3F-440AF91C90AA}.Debug|Any CPU.ActiveCfg = Debug|Any CPU
		{255DEACC-755A-4F62-AD3F-440AF91C90AA}.Debug|Any CPU.Build.0 = Debug|Any CPU
		{255DEACC-755A-4F62-AD3F-440AF91C90AA}.Release|Any CPU.ActiveCfg = Release|Any CPU
		{255DEACC-755A-4F62-AD3F-440AF91C90AA}.Release|Any CPU.Build.0 = Release|Any CPU
		{4B7E7BB5-10F6-4647-8656-8249A05395F2}.Debug|Any CPU.ActiveCfg = Debug|Any CPU
		{4B7E7BB5-10F6-4647-8656-8249A05395F2}.Debug|Any CPU.Build.0 = Debug|Any CPU
		{4B7E7BB5-10F6-4647-8656-8249A05395F2}.Release|Any CPU.ActiveCfg = Release|Any CPU
		{4B7E7BB5-10F6-4647-8656-8249A05395F2}.Release|Any CPU.Build.0 = Release|Any CPU
		{A1DDD3D5-6ED5-4DB3-8C0C-3E8B5F827FE1}.Debug|Any CPU.ActiveCfg = Debug|Any CPU
		{A1DDD3D5-6ED5-4DB3-8C0C-3E8B5F827FE1}.Debug|Any CPU.Build.0 = Debug|Any CPU
		{A1DDD3D5-6ED5-4DB3-8C0C-3E8B5F827FE1}.Release|Any CPU.ActiveCfg = Release|Any CPU
		{A1DDD3D5-6ED5-4DB3-8C0C-3E8B5F827FE1}.Release|Any CPU.Build.0 = Release|Any CPU
		{B3FD7295-C1E9-4357-A902-2588FE73BA13}.Debug|Any CPU.ActiveCfg = Debug|Any CPU
		{B3FD7295-C1E9-4357-A902-2588FE73BA13}.Debug|Any CPU.Build.0 = Debug|Any CPU
		{B3FD7295-C1E9-4357-A902-2588FE73BA13}.Release|Any CPU.ActiveCfg = Release|Any CPU
		{B3FD7295-C1E9-4357-A902-2588FE73BA13}.Release|Any CPU.Build.0 = Release|Any CPU
	EndGlobalSection
	GlobalSection(SolutionProperties) = preSolution
		HideSolutionNode = FALSE
	EndGlobalSection
	GlobalSection(NestedProjects) = preSolution
		{6A542C96-F55A-407F-BFFC-8E1D54E25CCE} = {FD7EF2AD-F209-4F97-BC2C-EFA424B0D0C2}
		{8E8A7C67-3951-49C5-866D-54A3A401556C} = {FD7EF2AD-F209-4F97-BC2C-EFA424B0D0C2}
		{9C75D642-CF1F-4B5B-A710-5EC190EBCDF0} = {FD7EF2AD-F209-4F97-BC2C-EFA424B0D0C2}
		{58021509-0650-460A-BC98-6FB676F75CCA} = {8E0D4D7E-6FF7-4A68-8ED3-0966632259FC}
		{A921C089-DBC8-4319-B2D0-5F715B030417} = {8E0D4D7E-6FF7-4A68-8ED3-0966632259FC}
		{07223A34-23FA-4F77-B6A9-DA68741213CB} = {78EA9BE8-CEF5-4C58-9684-65FDCF244DE0}
		{1BC5E162-2138-4E26-BBBC-B0AB9DE11A7B} = {7E83955F-DA28-4D94-B3C9-3FD901E586D4}
		{0E7B0631-4615-42E7-9978-A3C60673384D} = {7E83955F-DA28-4D94-B3C9-3FD901E586D4}
		{CBBFAB52-0F5A-4922-BE58-BA155D5CD790} = {7E83955F-DA28-4D94-B3C9-3FD901E586D4}
		{4F936FA9-28AC-4B0B-B488-2DC9A2254695} = {7E83955F-DA28-4D94-B3C9-3FD901E586D4}
		{17BA8D96-34F2-4864-8C62-B41B92792C01} = {7E83955F-DA28-4D94-B3C9-3FD901E586D4}
		{255DEACC-755A-4F62-AD3F-440AF91C90AA} = {7E83955F-DA28-4D94-B3C9-3FD901E586D4}
		{4B7E7BB5-10F6-4647-8656-8249A05395F2} = {5DC54563-7B89-4CA8-935A-D7AE68698C70}
		{A1DDD3D5-6ED5-4DB3-8C0C-3E8B5F827FE1} = {531D30D0-C465-4DE8-BC6B-13418C6ECF30}
		{B3FD7295-C1E9-4357-A902-2588FE73BA13} = {7E83955F-DA28-4D94-B3C9-3FD901E586D4}
	EndGlobalSection
	GlobalSection(ExtensibilityGlobals) = postSolution
		SolutionGuid = {6ECA0874-2875-4ECD-AB05-FA174C30303E}
	EndGlobalSection
EndGlobal
